
Microsoft Visual Studio Solution File, Format Version 12.00
# Visual Studio Version 17
VisualStudioVersion = 17.9.34723.18
MinimumVisualStudioVersion = 10.0.40219.1
Project("{9A19103F-16F7-4668-BE54-9A1E7A4F7556}") = "DATN_AUTO_CREATE_PART", "DATN_AUTO_CREATE_PART.csproj", "{8DF549D1-742D-4934-BE24-FE8E609241E3}"
EndProject
Global
	GlobalSection(SolutionConfigurationPlatforms) = preSolution
		Debug|Any CPU = Debug|Any CPU
		Release|Any CPU = Release|Any CPU
	EndGlobalSection
	GlobalSection(ProjectConfigurationPlatforms) = postSolution
		{8DF549D1-742D-4934-BE24-FE8E609241E3}.Debug|Any CPU.ActiveCfg = Debug|Any CPU
		{8DF549D1-742D-4934-BE24-FE8E609241E3}.Debug|Any CPU.Build.0 = Debug|Any CPU
		{8DF549D1-742D-4934-BE24-FE8E609241E3}.Release|Any CPU.ActiveCfg = Release|Any CPU
		{8DF549D1-742D-4934-BE24-FE8E609241E3}.Release|Any CPU.Build.0 = Release|Any CPU
	EndGlobalSection
	GlobalSection(SolutionProperties) = preSolution
		HideSolutionNode = FALSE
	EndGlobalSection
	GlobalSection(ExtensibilityGlobals) = postSolution
		SolutionGuid = {ED218897-939B-45D4-9E02-5B514C42AD43}
	EndGlobalSection
EndGlobal
